
Microsoft Visual Studio Solution File, Format Version 12.00
# Visual Studio 15
VisualStudioVersion = 15.0.26730.10
MinimumVisualStudioVersion = 10.0.40219.1
Project("{2150E333-8FDC-42A3-9474-1A3956D46DE8}") = "Solution Items", "Solution Items", "{4D151869-1F20-4FA6-9710-1F6B42DADDBF}"
	ProjectSection(SolutionItems) = preProject
		PseudoCQRS.Mvc3.nuspec = PseudoCQRS.Mvc3.nuspec
		PseudoCQRS.Mvc4.nuspec = PseudoCQRS.Mvc4.nuspec
		PseudoCQRS.Mvc5.nuspec = PseudoCQRS.Mvc5.nuspec
		PseudoCQRS.nuspec = PseudoCQRS.nuspec
	EndProjectSection
EndProject
Project("{9A19103F-16F7-4668-BE54-9A1E7A4F7556}") = "PseudoCQRS", "PseudoCQRS\PseudoCQRS.csproj", "{E4F59F8B-2C56-4B4C-A6DA-F4B7269F6E3B}"
EndProject
Project("{9A19103F-16F7-4668-BE54-9A1E7A4F7556}") = "PseudoCQRS.Test", "PseudoCQRS.Test\PseudoCQRS.Test.csproj", "{CFC5CB8D-E642-4D5C-8D71-2D9D8F92C568}"
EndProject
Project("{9A19103F-16F7-4668-BE54-9A1E7A4F7556}") = "PseudoCQRS.Mvc", "PseudoCQRS.Mvc\PseudoCQRS.Mvc.csproj", "{B80E5EC1-6A6E-49CB-8E38-70201C8B6D0B}"
EndProject
Project("{9A19103F-16F7-4668-BE54-9A1E7A4F7556}") = "PseudoCQRS.Analyzers", "PseudoCQRS.Analyzers\PseudoCQRS.Analyzers.csproj", "{F97010B8-9100-40E5-AE20-EEB7DF42CC8B}"
EndProject
Project("{9A19103F-16F7-4668-BE54-9A1E7A4F7556}") = "PseudoCQRS.Analyzers.Tests", "PseudoCQRS.Analyzers.Tests\PseudoCQRS.Analyzers.Tests.csproj", "{E2AC6236-04F3-4273-8C7A-E254C0BB7571}"
EndProject
Global
	GlobalSection(SolutionConfigurationPlatforms) = preSolution
		Debug|Any CPU = Debug|Any CPU
		MVC3|Any CPU = MVC3|Any CPU
		MVC4|Any CPU = MVC4|Any CPU
		MVC5|Any CPU = MVC5|Any CPU
		MvcCore|Any CPU = MvcCore|Any CPU
		Release|Any CPU = Release|Any CPU
	EndGlobalSection
	GlobalSection(ProjectConfigurationPlatforms) = postSolution
		{E4F59F8B-2C56-4B4C-A6DA-F4B7269F6E3B}.Debug|Any CPU.ActiveCfg = Debug|Any CPU
		{E4F59F8B-2C56-4B4C-A6DA-F4B7269F6E3B}.Debug|Any CPU.Build.0 = Debug|Any CPU
		{E4F59F8B-2C56-4B4C-A6DA-F4B7269F6E3B}.MVC3|Any CPU.ActiveCfg = Release|Any CPU
		{E4F59F8B-2C56-4B4C-A6DA-F4B7269F6E3B}.MVC3|Any CPU.Build.0 = Release|Any CPU
		{E4F59F8B-2C56-4B4C-A6DA-F4B7269F6E3B}.MVC4|Any CPU.ActiveCfg = Release|Any CPU
		{E4F59F8B-2C56-4B4C-A6DA-F4B7269F6E3B}.MVC4|Any CPU.Build.0 = Release|Any CPU
		{E4F59F8B-2C56-4B4C-A6DA-F4B7269F6E3B}.MVC5|Any CPU.ActiveCfg = Release|Any CPU
		{E4F59F8B-2C56-4B4C-A6DA-F4B7269F6E3B}.MVC5|Any CPU.Build.0 = Release|Any CPU
		{E4F59F8B-2C56-4B4C-A6DA-F4B7269F6E3B}.MvcCore|Any CPU.ActiveCfg = Release|Any CPU
		{E4F59F8B-2C56-4B4C-A6DA-F4B7269F6E3B}.MvcCore|Any CPU.Build.0 = Release|Any CPU
		{E4F59F8B-2C56-4B4C-A6DA-F4B7269F6E3B}.Release|Any CPU.ActiveCfg = Release|Any CPU
		{E4F59F8B-2C56-4B4C-A6DA-F4B7269F6E3B}.Release|Any CPU.Build.0 = Release|Any CPU
		{CFC5CB8D-E642-4D5C-8D71-2D9D8F92C568}.Debug|Any CPU.ActiveCfg = Debug|Any CPU
		{CFC5CB8D-E642-4D5C-8D71-2D9D8F92C568}.Debug|Any CPU.Build.0 = Debug|Any CPU
		{CFC5CB8D-E642-4D5C-8D71-2D9D8F92C568}.MVC3|Any CPU.ActiveCfg = Release|Any CPU
		{CFC5CB8D-E642-4D5C-8D71-2D9D8F92C568}.MVC3|Any CPU.Build.0 = Release|Any CPU
		{CFC5CB8D-E642-4D5C-8D71-2D9D8F92C568}.MVC4|Any CPU.ActiveCfg = Release|Any CPU
		{CFC5CB8D-E642-4D5C-8D71-2D9D8F92C568}.MVC4|Any CPU.Build.0 = Release|Any CPU
		{CFC5CB8D-E642-4D5C-8D71-2D9D8F92C568}.MVC5|Any CPU.ActiveCfg = Release|Any CPU
		{CFC5CB8D-E642-4D5C-8D71-2D9D8F92C568}.MVC5|Any CPU.Build.0 = Release|Any CPU
		{CFC5CB8D-E642-4D5C-8D71-2D9D8F92C568}.MvcCore|Any CPU.ActiveCfg = Release|Any CPU
		{CFC5CB8D-E642-4D5C-8D71-2D9D8F92C568}.MvcCore|Any CPU.Build.0 = Release|Any CPU
		{CFC5CB8D-E642-4D5C-8D71-2D9D8F92C568}.Release|Any CPU.ActiveCfg = Release|Any CPU
		{CFC5CB8D-E642-4D5C-8D71-2D9D8F92C568}.Release|Any CPU.Build.0 = Release|Any CPU
		{B80E5EC1-6A6E-49CB-8E38-70201C8B6D0B}.Debug|Any CPU.ActiveCfg = Debug|Any CPU
		{B80E5EC1-6A6E-49CB-8E38-70201C8B6D0B}.Debug|Any CPU.Build.0 = Debug|Any CPU
		{B80E5EC1-6A6E-49CB-8E38-70201C8B6D0B}.MVC3|Any CPU.ActiveCfg = MvcCore|Any CPU
		{B80E5EC1-6A6E-49CB-8E38-70201C8B6D0B}.MVC3|Any CPU.Build.0 = MvcCore|Any CPU
		{B80E5EC1-6A6E-49CB-8E38-70201C8B6D0B}.MVC4|Any CPU.ActiveCfg = MvcCore|Any CPU
		{B80E5EC1-6A6E-49CB-8E38-70201C8B6D0B}.MVC4|Any CPU.Build.0 = MvcCore|Any CPU
		{B80E5EC1-6A6E-49CB-8E38-70201C8B6D0B}.MVC5|Any CPU.ActiveCfg = MVC5|Any CPU
		{B80E5EC1-6A6E-49CB-8E38-70201C8B6D0B}.MVC5|Any CPU.Build.0 = MVC5|Any CPU
		{B80E5EC1-6A6E-49CB-8E38-70201C8B6D0B}.MvcCore|Any CPU.ActiveCfg = MvcCore|Any CPU
		{B80E5EC1-6A6E-49CB-8E38-70201C8B6D0B}.MvcCore|Any CPU.Build.0 = MvcCore|Any CPU
		{B80E5EC1-6A6E-49CB-8E38-70201C8B6D0B}.Release|Any CPU.ActiveCfg = Release|Any CPU
		{B80E5EC1-6A6E-49CB-8E38-70201C8B6D0B}.Release|Any CPU.Build.0 = Release|Any CPU
		{F97010B8-9100-40E5-AE20-EEB7DF42CC8B}.Debug|Any CPU.ActiveCfg = Debug|Any CPU
		{F97010B8-9100-40E5-AE20-EEB7DF42CC8B}.Debug|Any CPU.Build.0 = Debug|Any CPU
		{F97010B8-9100-40E5-AE20-EEB7DF42CC8B}.MVC3|Any CPU.ActiveCfg = Release|Any CPU
		{F97010B8-9100-40E5-AE20-EEB7DF42CC8B}.MVC3|Any CPU.Build.0 = Release|Any CPU
		{F97010B8-9100-40E5-AE20-EEB7DF42CC8B}.MVC4|Any CPU.ActiveCfg = Release|Any CPU
		{F97010B8-9100-40E5-AE20-EEB7DF42CC8B}.MVC4|Any CPU.Build.0 = Release|Any CPU
		{F97010B8-9100-40E5-AE20-EEB7DF42CC8B}.MVC5|Any CPU.ActiveCfg = Release|Any CPU
		{F97010B8-9100-40E5-AE20-EEB7DF42CC8B}.MVC5|Any CPU.Build.0 = Release|Any CPU
		{F97010B8-9100-40E5-AE20-EEB7DF42CC8B}.MvcCore|Any CPU.ActiveCfg = Release|Any CPU
		{F97010B8-9100-40E5-AE20-EEB7DF42CC8B}.MvcCore|Any CPU.Build.0 = Release|Any CPU
		{F97010B8-9100-40E5-AE20-EEB7DF42CC8B}.Release|Any CPU.ActiveCfg = Release|Any CPU
		{F97010B8-9100-40E5-AE20-EEB7DF42CC8B}.Release|Any CPU.Build.0 = Release|Any CPU
		{E2AC6236-04F3-4273-8C7A-E254C0BB7571}.Debug|Any CPU.ActiveCfg = Debug|Any CPU
		{E2AC6236-04F3-4273-8C7A-E254C0BB7571}.Debug|Any CPU.Build.0 = Debug|Any CPU
		{E2AC6236-04F3-4273-8C7A-E254C0BB7571}.MVC3|Any CPU.ActiveCfg = Release|Any CPU
		{E2AC6236-04F3-4273-8C7A-E254C0BB7571}.MVC3|Any CPU.Build.0 = Release|Any CPU
		{E2AC6236-04F3-4273-8C7A-E254C0BB7571}.MVC4|Any CPU.ActiveCfg = Release|Any CPU
		{E2AC6236-04F3-4273-8C7A-E254C0BB7571}.MVC4|Any CPU.Build.0 = Release|Any CPU
		{E2AC6236-04F3-4273-8C7A-E254C0BB7571}.MVC5|Any CPU.ActiveCfg = Release|Any CPU
		{E2AC6236-04F3-4273-8C7A-E254C0BB7571}.MVC5|Any CPU.Build.0 = Release|Any CPU
		{E2AC6236-04F3-4273-8C7A-E254C0BB7571}.MvcCore|Any CPU.ActiveCfg = Release|Any CPU
		{E2AC6236-04F3-4273-8C7A-E254C0BB7571}.MvcCore|Any CPU.Build.0 = Release|Any CPU
		{E2AC6236-04F3-4273-8C7A-E254C0BB7571}.Release|Any CPU.ActiveCfg = Release|Any CPU
		{E2AC6236-04F3-4273-8C7A-E254C0BB7571}.Release|Any CPU.Build.0 = Release|Any CPU
	EndGlobalSection
	GlobalSection(SolutionProperties) = preSolution
		HideSolutionNode = FALSE
	EndGlobalSection
	GlobalSection(ExtensibilityGlobals) = postSolution
		SolutionGuid = {58437A66-97F3-4738-B0F0-60CCF5DA172B}
	EndGlobalSection
EndGlobal
